
Microsoft Visual Studio Solution File, Format Version 12.00
# Visual Studio 15
VisualStudioVersion = 15.0.28010.2026
MinimumVisualStudioVersion = 10.0.40219.1
Project("{FAE04EC0-301F-11D3-BF4B-00C04F79EFBC}") = "HandlIndust_details", "HandlIndust_details.csproj", "{0F035AD3-FCEA-4B38-9F3E-269AB96036EB}"
EndProject
Global
	GlobalSection(SolutionConfigurationPlatforms) = preSolution
		Debug|Any CPU = Debug|Any CPU
		Release|Any CPU = Release|Any CPU
	EndGlobalSection
	GlobalSection(ProjectConfigurationPlatforms) = postSolution
		{0F035AD3-FCEA-4B38-9F3E-269AB96036EB}.Debug|Any CPU.ActiveCfg = Debug|Any CPU
		{0F035AD3-FCEA-4B38-9F3E-269AB96036EB}.Debug|Any CPU.Build.0 = Debug|Any CPU
		{0F035AD3-FCEA-4B38-9F3E-269AB96036EB}.Release|Any CPU.ActiveCfg = Release|Any CPU
		{0F035AD3-FCEA-4B38-9F3E-269AB96036EB}.Release|Any CPU.Build.0 = Release|Any CPU
	EndGlobalSection
	GlobalSection(SolutionProperties) = preSolution
		HideSolutionNode = FALSE
	EndGlobalSection
	GlobalSection(ExtensibilityGlobals) = postSolution
		SolutionGuid = {D5D85875-AE6C-4977-87F4-F5B6E0701E20}
	EndGlobalSection
EndGlobal
